# This file is automatically @generated by Cargo.
# It is not intended for manual editing.
version = 4

[[package]]
name = "lion_cli"
version = "0.1.0"
dependencies = [
 "lion_diagnostics",
 "lion_ir",
 "lion_runtime",
 "lion_sema",
 "lion_std",
 "lion_syntax",
 "lion_vm",
]

[[package]]
name = "lion_diagnostics"
version = "0.1.0"

[[package]]
name = "lion_ir"
version = "0.1.0"
dependencies = [
 "lion_diagnostics",
 "lion_runtime",
]

[[package]]
name = "lion_runtime"
version = "0.1.0"

[[package]]
name = "lion_sema"
version = "0.1.0"
dependencies = [
 "lion_diagnostics",
 "lion_ir",
 "lion_runtime",
 "lion_std",
 "lion_syntax",
]

[[package]]
name = "lion_std"
version = "0.1.0"

[[package]]
name = "lion_syntax"
version = "0.1.0"
dependencies = [
 "lion_diagnostics",
]

[[package]]
name = "lion_vm"
version = "0.1.0"
dependencies = [
 "lion_diagnostics",
 "lion_ir",
 "lion_runtime",
]
